
Microsoft Visual Studio Solution File, Format Version 12.00
# Visual Studio Version 16
VisualStudioVersion = 16.0.28803.202
MinimumVisualStudioVersion = 10.0.40219.1
Project("{FAE04EC0-301F-11D3-BF4B-00C04F79EFBC}") = "TexasHoldEmServer", "TexasHoldEmServer.csproj", "{95452B53-E5DB-4889-BDE3-D12AA79D2206}"
EndProject
Global
	GlobalSection(SolutionConfigurationPlatforms) = preSolution
		Debug|Any CPU = Debug|Any CPU
		Release|Any CPU = Release|Any CPU
	EndGlobalSection
	GlobalSection(ProjectConfigurationPlatforms) = postSolution
		{95452B53-E5DB-4889-BDE3-D12AA79D2206}.Debug|Any CPU.ActiveCfg = Debug|Any CPU
		{95452B53-E5DB-4889-BDE3-D12AA79D2206}.Debug|Any CPU.Build.0 = Debug|Any CPU
		{95452B53-E5DB-4889-BDE3-D12AA79D2206}.Release|Any CPU.ActiveCfg = Release|Any CPU
		{95452B53-E5DB-4889-BDE3-D12AA79D2206}.Release|Any CPU.Build.0 = Release|Any CPU
	EndGlobalSection
	GlobalSection(SolutionProperties) = preSolution
		HideSolutionNode = FALSE
	EndGlobalSection
	GlobalSection(ExtensibilityGlobals) = postSolution
		SolutionGuid = {A2055B92-C29D-457B-8668-31F07A7293AD}
	EndGlobalSection
EndGlobal
