
Microsoft Visual Studio Solution File, Format Version 12.00
# Visual Studio Version 16
VisualStudioVersion = 16.0.28922.388
MinimumVisualStudioVersion = 10.0.40219.1
Project("{FAE04EC0-301F-11D3-BF4B-00C04F79EFBC}") = "serverTexas", "serverTexas.csproj", "{DF92E4A7-E835-479A-8D00-847FCEDFA021}"
EndProject
Global
	GlobalSection(SolutionConfigurationPlatforms) = preSolution
		Debug|Any CPU = Debug|Any CPU
		Release|Any CPU = Release|Any CPU
	EndGlobalSection
	GlobalSection(ProjectConfigurationPlatforms) = postSolution
		{DF92E4A7-E835-479A-8D00-847FCEDFA021}.Debug|Any CPU.ActiveCfg = Debug|Any CPU
		{DF92E4A7-E835-479A-8D00-847FCEDFA021}.Debug|Any CPU.Build.0 = Debug|Any CPU
		{DF92E4A7-E835-479A-8D00-847FCEDFA021}.Release|Any CPU.ActiveCfg = Release|Any CPU
		{DF92E4A7-E835-479A-8D00-847FCEDFA021}.Release|Any CPU.Build.0 = Release|Any CPU
	EndGlobalSection
	GlobalSection(SolutionProperties) = preSolution
		HideSolutionNode = FALSE
	EndGlobalSection
	GlobalSection(ExtensibilityGlobals) = postSolution
		SolutionGuid = {4D0A058D-3DE1-4D70-8128-7880F4072949}
	EndGlobalSection
EndGlobal
