
Microsoft Visual Studio Solution File, Format Version 12.00
# Visual Studio Version 16
VisualStudioVersion = 16.0.28922.388
MinimumVisualStudioVersion = 10.0.40219.1
Project("{FAE04EC0-301F-11D3-BF4B-00C04F79EFBC}") = "Server", "Server.csproj", "{0DB8503F-C3B9-4148-8CFA-C7625DA2F21E}"
EndProject
Global
	GlobalSection(SolutionConfigurationPlatforms) = preSolution
		Debug|Any CPU = Debug|Any CPU
		Release|Any CPU = Release|Any CPU
	EndGlobalSection
	GlobalSection(ProjectConfigurationPlatforms) = postSolution
		{0DB8503F-C3B9-4148-8CFA-C7625DA2F21E}.Debug|Any CPU.ActiveCfg = Debug|Any CPU
		{0DB8503F-C3B9-4148-8CFA-C7625DA2F21E}.Debug|Any CPU.Build.0 = Debug|Any CPU
		{0DB8503F-C3B9-4148-8CFA-C7625DA2F21E}.Release|Any CPU.ActiveCfg = Release|Any CPU
		{0DB8503F-C3B9-4148-8CFA-C7625DA2F21E}.Release|Any CPU.Build.0 = Release|Any CPU
	EndGlobalSection
	GlobalSection(SolutionProperties) = preSolution
		HideSolutionNode = FALSE
	EndGlobalSection
	GlobalSection(ExtensibilityGlobals) = postSolution
		SolutionGuid = {B4E1DF46-3E62-4D13-B0A1-8C4A8BF5B4EB}
	EndGlobalSection
EndGlobal
