
Microsoft Visual Studio Solution File, Format Version 12.00
# Visual Studio Version 16
VisualStudioVersion = 16.0.28922.388
MinimumVisualStudioVersion = 10.0.40219.1
Project("{FAE04EC0-301F-11D3-BF4B-00C04F79EFBC}") = "severTXMT", "severTXMT.csproj", "{BE637088-7911-440C-ACB8-C69974C024F1}"
EndProject
Global
	GlobalSection(SolutionConfigurationPlatforms) = preSolution
		Debug|Any CPU = Debug|Any CPU
		Release|Any CPU = Release|Any CPU
	EndGlobalSection
	GlobalSection(ProjectConfigurationPlatforms) = postSolution
		{BE637088-7911-440C-ACB8-C69974C024F1}.Debug|Any CPU.ActiveCfg = Debug|Any CPU
		{BE637088-7911-440C-ACB8-C69974C024F1}.Debug|Any CPU.Build.0 = Debug|Any CPU
		{BE637088-7911-440C-ACB8-C69974C024F1}.Release|Any CPU.ActiveCfg = Release|Any CPU
		{BE637088-7911-440C-ACB8-C69974C024F1}.Release|Any CPU.Build.0 = Release|Any CPU
	EndGlobalSection
	GlobalSection(SolutionProperties) = preSolution
		HideSolutionNode = FALSE
	EndGlobalSection
	GlobalSection(ExtensibilityGlobals) = postSolution
		SolutionGuid = {761D1090-3C43-4DFE-8CE6-1D736E009CC6}
	EndGlobalSection
EndGlobal
