
Microsoft Visual Studio Solution File, Format Version 12.00
# Visual Studio 15
VisualStudioVersion = 15.0.27428.2043
MinimumVisualStudioVersion = 10.0.40219.1
Project("{FAE04EC0-301F-11D3-BF4B-00C04F79EFBC}") = "ProyectoOperativos", "ProyectoOperativos\ProyectoOperativos.csproj", "{80A3ECA9-FE09-41FF-9346-1495ABDBA52B}"
EndProject
Project("{FAE04EC0-301F-11D3-BF4B-00C04F79EFBC}") = "ServerData", "..\ServerData\ServerData\ServerData.csproj", "{2D42F6B3-2E7C-4D69-8D62-DA978518C85F}"
EndProject
Global
	GlobalSection(SolutionConfigurationPlatforms) = preSolution
		Debug|Any CPU = Debug|Any CPU
		Release|Any CPU = Release|Any CPU
	EndGlobalSection
	GlobalSection(ProjectConfigurationPlatforms) = postSolution
		{80A3ECA9-FE09-41FF-9346-1495ABDBA52B}.Debug|Any CPU.ActiveCfg = Debug|Any CPU
		{80A3ECA9-FE09-41FF-9346-1495ABDBA52B}.Debug|Any CPU.Build.0 = Debug|Any CPU
		{80A3ECA9-FE09-41FF-9346-1495ABDBA52B}.Release|Any CPU.ActiveCfg = Release|Any CPU
		{80A3ECA9-FE09-41FF-9346-1495ABDBA52B}.Release|Any CPU.Build.0 = Release|Any CPU
		{2D42F6B3-2E7C-4D69-8D62-DA978518C85F}.Debug|Any CPU.ActiveCfg = Debug|Any CPU
		{2D42F6B3-2E7C-4D69-8D62-DA978518C85F}.Debug|Any CPU.Build.0 = Debug|Any CPU
		{2D42F6B3-2E7C-4D69-8D62-DA978518C85F}.Release|Any CPU.ActiveCfg = Release|Any CPU
		{2D42F6B3-2E7C-4D69-8D62-DA978518C85F}.Release|Any CPU.Build.0 = Release|Any CPU
	EndGlobalSection
	GlobalSection(SolutionProperties) = preSolution
		HideSolutionNode = FALSE
	EndGlobalSection
	GlobalSection(ExtensibilityGlobals) = postSolution
		SolutionGuid = {1D3E056B-34DF-45DD-BE11-F98B54381B5F}
	EndGlobalSection
EndGlobal
