
Microsoft Visual Studio Solution File, Format Version 12.00
# Visual Studio Version 16
VisualStudioVersion = 16.0.28803.352
MinimumVisualStudioVersion = 10.0.40219.1
Project("{FAE04EC0-301F-11D3-BF4B-00C04F79EFBC}") = "texasHoldWPF", "texasHoldWPF\texasHoldWPF.csproj", "{F6E51012-32AD-4AA3-811B-2EDDB0DF3B6F}"
EndProject
Global
	GlobalSection(SolutionConfigurationPlatforms) = preSolution
		Debug|Any CPU = Debug|Any CPU
		Release|Any CPU = Release|Any CPU
	EndGlobalSection
	GlobalSection(ProjectConfigurationPlatforms) = postSolution
		{F6E51012-32AD-4AA3-811B-2EDDB0DF3B6F}.Debug|Any CPU.ActiveCfg = Debug|Any CPU
		{F6E51012-32AD-4AA3-811B-2EDDB0DF3B6F}.Debug|Any CPU.Build.0 = Debug|Any CPU
		{F6E51012-32AD-4AA3-811B-2EDDB0DF3B6F}.Release|Any CPU.ActiveCfg = Release|Any CPU
		{F6E51012-32AD-4AA3-811B-2EDDB0DF3B6F}.Release|Any CPU.Build.0 = Release|Any CPU
	EndGlobalSection
	GlobalSection(SolutionProperties) = preSolution
		HideSolutionNode = FALSE
	EndGlobalSection
	GlobalSection(ExtensibilityGlobals) = postSolution
		SolutionGuid = {276E06B9-05AF-4A0E-AA24-543974943F70}
	EndGlobalSection
EndGlobal
